
Microsoft Visual Studio Solution File, Format Version 12.00
# Visual Studio Version 16
VisualStudioVersion = 16.0.29613.14
MinimumVisualStudioVersion = 10.0.40219.1
Project("{FAE04EC0-301F-11D3-BF4B-00C04F79EFBC}") = "HighestAndPosition", "HighestAndPosition\HighestAndPosition.csproj", "{5934D667-5047-40EE-88B1-26A779EE977F}"
EndProject
Global
	GlobalSection(SolutionConfigurationPlatforms) = preSolution
		Debug|Any CPU = Debug|Any CPU
		Release|Any CPU = Release|Any CPU
	EndGlobalSection
	GlobalSection(ProjectConfigurationPlatforms) = postSolution
		{5934D667-5047-40EE-88B1-26A779EE977F}.Debug|Any CPU.ActiveCfg = Debug|Any CPU
		{5934D667-5047-40EE-88B1-26A779EE977F}.Debug|Any CPU.Build.0 = Debug|Any CPU
		{5934D667-5047-40EE-88B1-26A779EE977F}.Release|Any CPU.ActiveCfg = Release|Any CPU
		{5934D667-5047-40EE-88B1-26A779EE977F}.Release|Any CPU.Build.0 = Release|Any CPU
	EndGlobalSection
	GlobalSection(SolutionProperties) = preSolution
		HideSolutionNode = FALSE
	EndGlobalSection
	GlobalSection(ExtensibilityGlobals) = postSolution
		SolutionGuid = {0D2E5480-EEB3-490E-8DC6-AE17FC131C0D}
	EndGlobalSection
EndGlobal
