
Microsoft Visual Studio Solution File, Format Version 12.00
# Visual Studio Version 16
VisualStudioVersion = 16.0.29613.14
MinimumVisualStudioVersion = 10.0.40219.1
Project("{FAE04EC0-301F-11D3-BF4B-00C04F79EFBC}") = "Salary Increase", "Salary Increase\Salary Increase.csproj", "{D3434B67-60F1-4B15-B434-95383E56CCD7}"
EndProject
Global
	GlobalSection(SolutionConfigurationPlatforms) = preSolution
		Debug|Any CPU = Debug|Any CPU
		Release|Any CPU = Release|Any CPU
	EndGlobalSection
	GlobalSection(ProjectConfigurationPlatforms) = postSolution
		{D3434B67-60F1-4B15-B434-95383E56CCD7}.Debug|Any CPU.ActiveCfg = Debug|Any CPU
		{D3434B67-60F1-4B15-B434-95383E56CCD7}.Debug|Any CPU.Build.0 = Debug|Any CPU
		{D3434B67-60F1-4B15-B434-95383E56CCD7}.Release|Any CPU.ActiveCfg = Release|Any CPU
		{D3434B67-60F1-4B15-B434-95383E56CCD7}.Release|Any CPU.Build.0 = Release|Any CPU
	EndGlobalSection
	GlobalSection(SolutionProperties) = preSolution
		HideSolutionNode = FALSE
	EndGlobalSection
	GlobalSection(ExtensibilityGlobals) = postSolution
		SolutionGuid = {8A9B3AFD-427D-4A87-963B-F688D57FE2A3}
	EndGlobalSection
EndGlobal
