
Microsoft Visual Studio Solution File, Format Version 12.00
# Visual Studio Version 16
VisualStudioVersion = 16.0.29613.14
MinimumVisualStudioVersion = 10.0.40219.1
Project("{FAE04EC0-301F-11D3-BF4B-00C04F79EFBC}") = "EvenOrOdd", "EvenOrOdd\EvenOrOdd.csproj", "{C0310C99-5382-4D0C-9D82-C0ACAA022BC7}"
EndProject
Global
	GlobalSection(SolutionConfigurationPlatforms) = preSolution
		Debug|Any CPU = Debug|Any CPU
		Release|Any CPU = Release|Any CPU
	EndGlobalSection
	GlobalSection(ProjectConfigurationPlatforms) = postSolution
		{C0310C99-5382-4D0C-9D82-C0ACAA022BC7}.Debug|Any CPU.ActiveCfg = Debug|Any CPU
		{C0310C99-5382-4D0C-9D82-C0ACAA022BC7}.Debug|Any CPU.Build.0 = Debug|Any CPU
		{C0310C99-5382-4D0C-9D82-C0ACAA022BC7}.Release|Any CPU.ActiveCfg = Release|Any CPU
		{C0310C99-5382-4D0C-9D82-C0ACAA022BC7}.Release|Any CPU.Build.0 = Release|Any CPU
	EndGlobalSection
	GlobalSection(SolutionProperties) = preSolution
		HideSolutionNode = FALSE
	EndGlobalSection
	GlobalSection(ExtensibilityGlobals) = postSolution
		SolutionGuid = {D1605A06-E90A-48D7-93DC-25330338C70E}
	EndGlobalSection
EndGlobal
