
Microsoft Visual Studio Solution File, Format Version 12.00
# Visual Studio Version 16
VisualStudioVersion = 16.0.30002.166
MinimumVisualStudioVersion = 10.0.40219.1
Project("{FAE04EC0-301F-11D3-BF4B-00C04F79EFBC}") = "LogicalSequenceTwo", "LogicalSequenceTwo\LogicalSequenceTwo.csproj", "{45258D9D-0799-4C44-8D8A-309A2C4DA187}"
EndProject
Global
	GlobalSection(SolutionConfigurationPlatforms) = preSolution
		Debug|Any CPU = Debug|Any CPU
		Release|Any CPU = Release|Any CPU
	EndGlobalSection
	GlobalSection(ProjectConfigurationPlatforms) = postSolution
		{45258D9D-0799-4C44-8D8A-309A2C4DA187}.Debug|Any CPU.ActiveCfg = Debug|Any CPU
		{45258D9D-0799-4C44-8D8A-309A2C4DA187}.Debug|Any CPU.Build.0 = Debug|Any CPU
		{45258D9D-0799-4C44-8D8A-309A2C4DA187}.Release|Any CPU.ActiveCfg = Release|Any CPU
		{45258D9D-0799-4C44-8D8A-309A2C4DA187}.Release|Any CPU.Build.0 = Release|Any CPU
	EndGlobalSection
	GlobalSection(SolutionProperties) = preSolution
		HideSolutionNode = FALSE
	EndGlobalSection
	GlobalSection(ExtensibilityGlobals) = postSolution
		SolutionGuid = {8FEEDDC9-BDC8-48E2-8DFF-866272D1A535}
	EndGlobalSection
EndGlobal
