
Microsoft Visual Studio Solution File, Format Version 12.00
# Visual Studio Version 16
VisualStudioVersion = 16.0.29613.14
MinimumVisualStudioVersion = 10.0.40219.1
Project("{FAE04EC0-301F-11D3-BF4B-00C04F79EFBC}") = "TrinagleTypes", "TrinagleTypes\TrinagleTypes.csproj", "{A3AEE7D3-A717-427C-9656-2E7CFC13E659}"
EndProject
Global
	GlobalSection(SolutionConfigurationPlatforms) = preSolution
		Debug|Any CPU = Debug|Any CPU
		Release|Any CPU = Release|Any CPU
	EndGlobalSection
	GlobalSection(ProjectConfigurationPlatforms) = postSolution
		{A3AEE7D3-A717-427C-9656-2E7CFC13E659}.Debug|Any CPU.ActiveCfg = Debug|Any CPU
		{A3AEE7D3-A717-427C-9656-2E7CFC13E659}.Debug|Any CPU.Build.0 = Debug|Any CPU
		{A3AEE7D3-A717-427C-9656-2E7CFC13E659}.Release|Any CPU.ActiveCfg = Release|Any CPU
		{A3AEE7D3-A717-427C-9656-2E7CFC13E659}.Release|Any CPU.Build.0 = Release|Any CPU
	EndGlobalSection
	GlobalSection(SolutionProperties) = preSolution
		HideSolutionNode = FALSE
	EndGlobalSection
	GlobalSection(ExtensibilityGlobals) = postSolution
		SolutionGuid = {14D6B24D-9A28-4B51-ABAD-F0E8BF153C27}
	EndGlobalSection
EndGlobal
