
Microsoft Visual Studio Solution File, Format Version 12.00
# Visual Studio Version 16
VisualStudioVersion = 16.0.29926.136
MinimumVisualStudioVersion = 10.0.40219.1
Project("{FAE04EC0-301F-11D3-BF4B-00C04F79EFBC}") = "Grenais", "Grenais\Grenais.csproj", "{3715EEEE-D605-428B-819D-6BF2E74D12E8}"
EndProject
Global
	GlobalSection(SolutionConfigurationPlatforms) = preSolution
		Debug|Any CPU = Debug|Any CPU
		Release|Any CPU = Release|Any CPU
	EndGlobalSection
	GlobalSection(ProjectConfigurationPlatforms) = postSolution
		{3715EEEE-D605-428B-819D-6BF2E74D12E8}.Debug|Any CPU.ActiveCfg = Debug|Any CPU
		{3715EEEE-D605-428B-819D-6BF2E74D12E8}.Debug|Any CPU.Build.0 = Debug|Any CPU
		{3715EEEE-D605-428B-819D-6BF2E74D12E8}.Release|Any CPU.ActiveCfg = Release|Any CPU
		{3715EEEE-D605-428B-819D-6BF2E74D12E8}.Release|Any CPU.Build.0 = Release|Any CPU
	EndGlobalSection
	GlobalSection(SolutionProperties) = preSolution
		HideSolutionNode = FALSE
	EndGlobalSection
	GlobalSection(ExtensibilityGlobals) = postSolution
		SolutionGuid = {2B052751-FD4B-478D-A237-D39DA36E026F}
	EndGlobalSection
EndGlobal
