
Microsoft Visual Studio Solution File, Format Version 12.00
# Visual Studio Version 16
VisualStudioVersion = 16.0.29613.14
MinimumVisualStudioVersion = 10.0.40219.1
Project("{FAE04EC0-301F-11D3-BF4B-00C04F79EFBC}") = "AverageTree", "AverageTree\AverageTree.csproj", "{7EE12D88-CBC7-47B8-8297-6AD542BB2D0F}"
EndProject
Global
	GlobalSection(SolutionConfigurationPlatforms) = preSolution
		Debug|Any CPU = Debug|Any CPU
		Release|Any CPU = Release|Any CPU
	EndGlobalSection
	GlobalSection(ProjectConfigurationPlatforms) = postSolution
		{7EE12D88-CBC7-47B8-8297-6AD542BB2D0F}.Debug|Any CPU.ActiveCfg = Debug|Any CPU
		{7EE12D88-CBC7-47B8-8297-6AD542BB2D0F}.Debug|Any CPU.Build.0 = Debug|Any CPU
		{7EE12D88-CBC7-47B8-8297-6AD542BB2D0F}.Release|Any CPU.ActiveCfg = Release|Any CPU
		{7EE12D88-CBC7-47B8-8297-6AD542BB2D0F}.Release|Any CPU.Build.0 = Release|Any CPU
	EndGlobalSection
	GlobalSection(SolutionProperties) = preSolution
		HideSolutionNode = FALSE
	EndGlobalSection
	GlobalSection(ExtensibilityGlobals) = postSolution
		SolutionGuid = {7E6741D5-5B45-4B85-B481-EDC9823CD9CA}
	EndGlobalSection
EndGlobal
