
Microsoft Visual Studio Solution File, Format Version 12.00
# Visual Studio Version 16
VisualStudioVersion = 16.0.29613.14
MinimumVisualStudioVersion = 10.0.40219.1
Project("{FAE04EC0-301F-11D3-BF4B-00C04F79EFBC}") = "GameTime", "GameTime\GameTime.csproj", "{E30672B4-0523-48B6-B95A-AC926414E067}"
EndProject
Global
	GlobalSection(SolutionConfigurationPlatforms) = preSolution
		Debug|Any CPU = Debug|Any CPU
		Release|Any CPU = Release|Any CPU
	EndGlobalSection
	GlobalSection(ProjectConfigurationPlatforms) = postSolution
		{E30672B4-0523-48B6-B95A-AC926414E067}.Debug|Any CPU.ActiveCfg = Debug|Any CPU
		{E30672B4-0523-48B6-B95A-AC926414E067}.Debug|Any CPU.Build.0 = Debug|Any CPU
		{E30672B4-0523-48B6-B95A-AC926414E067}.Release|Any CPU.ActiveCfg = Release|Any CPU
		{E30672B4-0523-48B6-B95A-AC926414E067}.Release|Any CPU.Build.0 = Release|Any CPU
	EndGlobalSection
	GlobalSection(SolutionProperties) = preSolution
		HideSolutionNode = FALSE
	EndGlobalSection
	GlobalSection(ExtensibilityGlobals) = postSolution
		SolutionGuid = {69EACCA2-BE03-45F8-A745-837AD17C8E0C}
	EndGlobalSection
EndGlobal
