
Microsoft Visual Studio Solution File, Format Version 12.00
# Visual Studio Version 16
VisualStudioVersion = 16.0.29613.14
MinimumVisualStudioVersion = 10.0.40219.1
Project("{FAE04EC0-301F-11D3-BF4B-00C04F79EFBC}") = "AgeInDays", "AgeInDays\AgeInDays.csproj", "{02605408-3932-4278-A571-AC5D3BDFDA91}"
EndProject
Global
	GlobalSection(SolutionConfigurationPlatforms) = preSolution
		Debug|Any CPU = Debug|Any CPU
		Release|Any CPU = Release|Any CPU
	EndGlobalSection
	GlobalSection(ProjectConfigurationPlatforms) = postSolution
		{02605408-3932-4278-A571-AC5D3BDFDA91}.Debug|Any CPU.ActiveCfg = Debug|Any CPU
		{02605408-3932-4278-A571-AC5D3BDFDA91}.Debug|Any CPU.Build.0 = Debug|Any CPU
		{02605408-3932-4278-A571-AC5D3BDFDA91}.Release|Any CPU.ActiveCfg = Release|Any CPU
		{02605408-3932-4278-A571-AC5D3BDFDA91}.Release|Any CPU.Build.0 = Release|Any CPU
	EndGlobalSection
	GlobalSection(SolutionProperties) = preSolution
		HideSolutionNode = FALSE
	EndGlobalSection
	GlobalSection(ExtensibilityGlobals) = postSolution
		SolutionGuid = {79CBDFE2-9CCD-40E8-97DB-A56555C62518}
	EndGlobalSection
EndGlobal
